
Microsoft Visual Studio Solution File, Format Version 12.00
# Visual Studio Version 17
VisualStudioVersion = 17.11.35312.102
MinimumVisualStudioVersion = 10.0.40219.1
Project("{FAE04EC0-301F-11D3-BF4B-00C04F79EFBC}") = "ZOTMigration", "ZOTMigration.csproj", "{73A0A69E-B5B6-4594-B474-C6F346E37BEC}"
EndProject
Global
	GlobalSection(SolutionConfigurationPlatforms) = preSolution
		Debug|Any CPU = Debug|Any CPU
		Release|Any CPU = Release|Any CPU
	EndGlobalSection
	GlobalSection(ProjectConfigurationPlatforms) = postSolution
		{73A0A69E-B5B6-4594-B474-C6F346E37BEC}.Debug|Any CPU.ActiveCfg = Debug|Any CPU
		{73A0A69E-B5B6-4594-B474-C6F346E37BEC}.Debug|Any CPU.Build.0 = Debug|Any CPU
		{73A0A69E-B5B6-4594-B474-C6F346E37BEC}.Release|Any CPU.ActiveCfg = Release|Any CPU
		{73A0A69E-B5B6-4594-B474-C6F346E37BEC}.Release|Any CPU.Build.0 = Release|Any CPU
	EndGlobalSection
	GlobalSection(SolutionProperties) = preSolution
		HideSolutionNode = FALSE
	EndGlobalSection
	GlobalSection(ExtensibilityGlobals) = postSolution
		SolutionGuid = {7F463823-4F50-4D2A-9F75-BEE55B223814}
	EndGlobalSection
EndGlobal
